<?xml version="1.0" encoding="utf-8"?>
<Project ToolsVersion="4.0" xmlns="http://schemas.microsoft.com/developer/msbuild/2003">
  <ItemGroup>
    <Filter Include="소스 파일">
      <UniqueIdentifier>{4FC737F1-C7A5-4376-A066-2A32D752A2FF}</UniqueIdentifier>
      <Extensions>cpp;c;cc;cxx;def;odl;idl;hpj;bat;asm;asmx</Extensions>
    </Filter>
    <Filter Include="GameFramework2D">
      <UniqueIdentifier>{9fbd4086-f21e-4a3b-b3d1-8ac4c5f5fa1b}</UniqueIdentifier>
    </Filter>
    <Filter Include="MainGame">
      <UniqueIdentifier>{0197a609-4f17-4b09-bb41-10cc33d95d87}</UniqueIdentifier>
    </Filter>
    <Filter Include="GameFramework2D\유틸">
      <UniqueIdentifier>{0e047507-cff2-4a5e-8198-0c562e8e0211}</UniqueIdentifier>
    </Filter>
    <Filter Include="GameFramework2D\WinMain">
      <UniqueIdentifier>{4a79707c-1728-49f2-ba7d-dc17dad14387}</UniqueIdentifier>
    </Filter>
    <Filter Include="GameFramework2D\총알">
      <UniqueIdentifier>{b9eb04df-28c2-4810-892e-c2bfca8911fd}</UniqueIdentifier>
    </Filter>
    <Filter Include="GameFramework2D\Data">
      <UniqueIdentifier>{bf10bd56-fa45-40c6-bde6-d555a2e32e84}</UniqueIdentifier>
    </Filter>
    <Filter Include="MainGame\브로포스">
      <UniqueIdentifier>{3d632b61-367b-4709-a321-88457eacd66f}</UniqueIdentifier>
    </Filter>
    <Filter Include="GameFramework2D\로딩">
      <UniqueIdentifier>{8d4c2f14-5532-4509-82d9-c23cdb92bef6}</UniqueIdentifier>
    </Filter>
    <Filter Include="GameFramework2D\체력바">
      <UniqueIdentifier>{1185f067-cd46-4aa5-8732-1db0fde93c3d}</UniqueIdentifier>
    </Filter>
    <Filter Include="GameFramework2D\매니져">
      <UniqueIdentifier>{5ce72af8-e27e-4d87-81a9-202553e2a4fc}</UniqueIdentifier>
    </Filter>
    <Filter Include="GameFramework2D\이미지">
      <UniqueIdentifier>{1851a966-ba68-4f2f-8ebc-640729b7e225}</UniqueIdentifier>
    </Filter>
    <Filter Include="GameFramework2D\이펙트">
      <UniqueIdentifier>{06bb6691-b0cb-4035-a27f-047993285ae4}</UniqueIdentifier>
    </Filter>
    <Filter Include="헤더 파일">
      <UniqueIdentifier>{93995380-89BD-4b04-88EB-625FBE52EBFB}</UniqueIdentifier>
      <Extensions>h;hh;hpp;hxx;hm;inl;inc;ipp;xsd</Extensions>
    </Filter>
  </ItemGroup>
  <ItemGroup>
    <ClInclude Include="commonMacroFunction.h">
      <Filter>GameFramework2D\유틸</Filter>
    </ClInclude>
    <ClInclude Include="mainGame.h">
      <Filter>MainGame</Filter>
    </ClInclude>
    <ClInclude Include="singletonBase.h">
      <Filter>GameFramework2D\매니져</Filter>
    </ClInclude>
    <ClInclude Include="keyManager.h">
      <Filter>GameFramework2D\매니져</Filter>
    </ClInclude>
    <ClInclude Include="gameNode.h">
      <Filter>GameFramework2D\WinMain</Filter>
    </ClInclude>
    <ClInclude Include="stdafx.h">
      <Filter>GameFramework2D\WinMain</Filter>
    </ClInclude>
    <ClInclude Include="randomFunction.h">
      <Filter>GameFramework2D\유틸</Filter>
    </ClInclude>
    <ClInclude Include="image.h">
      <Filter>GameFramework2D\이미지</Filter>
    </ClInclude>
    <ClInclude Include="imageManager.h">
      <Filter>GameFramework2D\매니져</Filter>
    </ClInclude>
    <ClInclude Include="util.h">
      <Filter>GameFramework2D\유틸</Filter>
    </ClInclude>
    <ClInclude Include="bullet.h">
      <Filter>GameFramework2D\총알</Filter>
    </ClInclude>
    <ClInclude Include="frameManager.h">
      <Filter>GameFramework2D\매니져</Filter>
    </ClInclude>
    <ClInclude Include="saveData.h">
      <Filter>GameFramework2D\Data</Filter>
    </ClInclude>
    <ClInclude Include="effectManager.h">
      <Filter>GameFramework2D\매니져</Filter>
    </ClInclude>
    <ClInclude Include="soundManager.h">
      <Filter>GameFramework2D\매니져</Filter>
    </ClInclude>
    <ClInclude Include="txtData.h">
      <Filter>GameFramework2D\Data</Filter>
    </ClInclude>
    <ClInclude Include="objectManager.h">
      <Filter>GameFramework2D\매니져</Filter>
    </ClInclude>
    <ClInclude Include="sceneManager.h">
      <Filter>GameFramework2D\매니져</Filter>
    </ClInclude>
    <ClInclude Include="stageScene.h">
      <Filter>MainGame\브로포스</Filter>
    </ClInclude>
    <ClInclude Include="playerManager.h">
      <Filter>MainGame\브로포스</Filter>
    </ClInclude>
    <ClInclude Include="player.h">
      <Filter>MainGame\브로포스</Filter>
    </ClInclude>
    <ClInclude Include="enemyManager.h">
      <Filter>MainGame\브로포스</Filter>
    </ClInclude>
    <ClInclude Include="enemy.h">
      <Filter>MainGame\브로포스</Filter>
    </ClInclude>
    <ClInclude Include="progressBar.h">
      <Filter>GameFramework2D\체력바</Filter>
    </ClInclude>
    <ClInclude Include="loading.h">
      <Filter>GameFramework2D\로딩</Filter>
    </ClInclude>
    <ClInclude Include="cameraManager.h">
      <Filter>GameFramework2D\매니져</Filter>
    </ClInclude>
    <ClInclude Include="timeManager.h">
      <Filter>GameFramework2D\매니져</Filter>
    </ClInclude>
    <ClInclude Include="testScene_kmy.h">
      <Filter>헤더 파일</Filter>
    </ClInclude>
    <ClInclude Include="mapData.h">
      <Filter>MainGame\브로포스</Filter>
    </ClInclude>
    <ClInclude Include="loadingScene.h">
      <Filter>MainGame\브로포스</Filter>
    </ClInclude>
    <ClInclude Include="soldier.h">
      <Filter>MainGame\브로포스</Filter>
    </ClInclude>
    <ClInclude Include="effects.h">
      <Filter>GameFramework2D\이펙트</Filter>
    </ClInclude>
    <ClInclude Include="brovil.h">
      <Filter>헤더 파일</Filter>
    </ClInclude>
    <ClInclude Include="stage2Scene.h">
      <Filter>MainGame\브로포스</Filter>
    </ClInclude>
  </ItemGroup>
  <ItemGroup>
    <ClCompile Include="stdafx.cpp">
      <Filter>GameFramework2D\WinMain</Filter>
    </ClCompile>
    <ClCompile Include="winMain.cpp">
      <Filter>GameFramework2D\WinMain</Filter>
    </ClCompile>
    <ClCompile Include="mainGame.cpp">
      <Filter>MainGame</Filter>
    </ClCompile>
    <ClCompile Include="keyManager.cpp">
      <Filter>GameFramework2D\매니져</Filter>
    </ClCompile>
    <ClCompile Include="gameNode.cpp">
      <Filter>GameFramework2D\WinMain</Filter>
    </ClCompile>
    <ClCompile Include="image.cpp">
      <Filter>GameFramework2D\이미지</Filter>
    </ClCompile>
    <ClCompile Include="imageManager.cpp">
      <Filter>GameFramework2D\매니져</Filter>
    </ClCompile>
    <ClCompile Include="util.cpp">
      <Filter>GameFramework2D\유틸</Filter>
    </ClCompile>
    <ClCompile Include="bullet.cpp">
      <Filter>GameFramework2D\총알</Filter>
    </ClCompile>
    <ClCompile Include="frameManager.cpp">
      <Filter>GameFramework2D\매니져</Filter>
    </ClCompile>
    <ClCompile Include="saveData.cpp">
      <Filter>GameFramework2D\Data</Filter>
    </ClCompile>
    <ClCompile Include="soundManager.cpp">
      <Filter>GameFramework2D\매니져</Filter>
    </ClCompile>
    <ClCompile Include="effectManager.cpp">
      <Filter>GameFramework2D\매니져</Filter>
    </ClCompile>
    <ClCompile Include="txtData.cpp">
      <Filter>GameFramework2D\Data</Filter>
    </ClCompile>
    <ClCompile Include="objectManager.cpp">
      <Filter>GameFramework2D\매니져</Filter>
    </ClCompile>
    <ClCompile Include="sceneManager.cpp">
      <Filter>GameFramework2D\매니져</Filter>
    </ClCompile>
    <ClCompile Include="stageScene.cpp">
      <Filter>MainGame\브로포스</Filter>
    </ClCompile>
    <ClCompile Include="playerManager.cpp">
      <Filter>MainGame\브로포스</Filter>
    </ClCompile>
    <ClCompile Include="player.cpp">
      <Filter>MainGame\브로포스</Filter>
    </ClCompile>
    <ClCompile Include="enemy.cpp">
      <Filter>MainGame\브로포스</Filter>
    </ClCompile>
    <ClCompile Include="enemyManager.cpp">
      <Filter>MainGame\브로포스</Filter>
    </ClCompile>
    <ClCompile Include="progressBar.cpp">
      <Filter>GameFramework2D\체력바</Filter>
    </ClCompile>
    <ClCompile Include="loading.cpp">
      <Filter>GameFramework2D\로딩</Filter>
    </ClCompile>
    <ClCompile Include="cameraManager.cpp">
      <Filter>GameFramework2D\매니져</Filter>
    </ClCompile>
    <ClCompile Include="timeManager.cpp">
      <Filter>GameFramework2D\매니져</Filter>
    </ClCompile>
    <ClCompile Include="testScene_kmy.cpp">
      <Filter>소스 파일</Filter>
    </ClCompile>
    <ClCompile Include="Kim_Sang_Won_addResource.cpp">
      <Filter>소스 파일</Filter>
    </ClCompile>
    <ClCompile Include="mapData.cpp">
      <Filter>MainGame\브로포스</Filter>
    </ClCompile>
    <ClCompile Include="loadingScene.cpp">
      <Filter>MainGame\브로포스</Filter>
    </ClCompile>
    <ClCompile Include="Kim_Min_Young_addResource.cpp">
      <Filter>소스 파일</Filter>
    </ClCompile>
    <ClCompile Include="Lee_Moon_Gyu_addResource.cpp">
      <Filter>소스 파일</Filter>
    </ClCompile>
    <ClCompile Include="Lee_Ji_Woong_addResource.cpp">
      <Filter>소스 파일</Filter>
    </ClCompile>
    <ClCompile Include="soldier.cpp">
      <Filter>MainGame\브로포스</Filter>
    </ClCompile>
    <ClCompile Include="effects.cpp">
      <Filter>GameFramework2D\이펙트</Filter>
    </ClCompile>
    <ClCompile Include="brovil.cpp">
      <Filter>소스 파일</Filter>
    </ClCompile>
    <ClCompile Include="stage2Scene.cpp">
      <Filter>MainGame\브로포스</Filter>
    </ClCompile>
  </ItemGroup>
</Project>